
Microsoft Visual Studio Solution File, Format Version 11.00
# Visual Web Developer Express 2010
Project("{FAE04EC0-301F-11D3-BF4B-00C04F79EFBC}") = "MemoriesEdge", "MemoriesEdge\MemoriesEdge.csproj", "{C1709C1E-409E-42B3-9267-495CC4B9E440}"
EndProject
Project("{FAE04EC0-301F-11D3-BF4B-00C04F79EFBC}") = "MemoriesEdge.Web", "MemoriesEdge.Web\MemoriesEdge.Web.csproj", "{95D4CB0A-5526-4351-8CF0-4C1CD068D963}"
	ProjectSection(ProjectDependencies) = postProject
		{C1709C1E-409E-42B3-9267-495CC4B9E440} = {C1709C1E-409E-42B3-9267-495CC4B9E440}
	EndProjectSection
EndProject
Global
	GlobalSection(SolutionConfigurationPlatforms) = preSolution
		Debug|Any CPU = Debug|Any CPU
		Release|Any CPU = Release|Any CPU
	EndGlobalSection
	GlobalSection(ProjectConfigurationPlatforms) = postSolution
		{C1709C1E-409E-42B3-9267-495CC4B9E440}.Debug|Any CPU.ActiveCfg = Debug|Any CPU
		{C1709C1E-409E-42B3-9267-495CC4B9E440}.Debug|Any CPU.Build.0 = Debug|Any CPU
		{C1709C1E-409E-42B3-9267-495CC4B9E440}.Release|Any CPU.ActiveCfg = Release|Any CPU
		{C1709C1E-409E-42B3-9267-495CC4B9E440}.Release|Any CPU.Build.0 = Release|Any CPU
		{95D4CB0A-5526-4351-8CF0-4C1CD068D963}.Debug|Any CPU.ActiveCfg = Debug|Any CPU
		{95D4CB0A-5526-4351-8CF0-4C1CD068D963}.Debug|Any CPU.Build.0 = Debug|Any CPU
		{95D4CB0A-5526-4351-8CF0-4C1CD068D963}.Release|Any CPU.ActiveCfg = Release|Any CPU
		{95D4CB0A-5526-4351-8CF0-4C1CD068D963}.Release|Any CPU.Build.0 = Release|Any CPU
	EndGlobalSection
	GlobalSection(SolutionProperties) = preSolution
		HideSolutionNode = FALSE
	EndGlobalSection
EndGlobal
